
Microsoft Visual Studio Solution File, Format Version 12.00
# Visual Studio Version 16
VisualStudioVersion = 16.0.29709.97
MinimumVisualStudioVersion = 10.0.40219.1
Project("{FAE04EC0-301F-11D3-BF4B-00C04F79EFBC}") = "IA-TP1-Aspirateur-intelligent", "IA-TP1-Aspirateur-intelligent.csproj", "{095CF726-F00A-4B77-A2BC-213C224989D6}"
EndProject
Global
	GlobalSection(SolutionConfigurationPlatforms) = preSolution
		Debug|Any CPU = Debug|Any CPU
		Release|Any CPU = Release|Any CPU
	EndGlobalSection
	GlobalSection(ProjectConfigurationPlatforms) = postSolution
		{095CF726-F00A-4B77-A2BC-213C224989D6}.Debug|Any CPU.ActiveCfg = Debug|Any CPU
		{095CF726-F00A-4B77-A2BC-213C224989D6}.Debug|Any CPU.Build.0 = Debug|Any CPU
		{095CF726-F00A-4B77-A2BC-213C224989D6}.Release|Any CPU.ActiveCfg = Release|Any CPU
		{095CF726-F00A-4B77-A2BC-213C224989D6}.Release|Any CPU.Build.0 = Release|Any CPU
	EndGlobalSection
	GlobalSection(SolutionProperties) = preSolution
		HideSolutionNode = FALSE
	EndGlobalSection
	GlobalSection(ExtensibilityGlobals) = postSolution
		SolutionGuid = {CB2F9D55-52D7-4913-8192-1BC1FCE59892}
	EndGlobalSection
EndGlobal
